
Microsoft Visual Studio Solution File, Format Version 12.00
# Visual Studio Version 17
VisualStudioVersion = 17.9.34728.123
MinimumVisualStudioVersion = 10.0.40219.1
Project("{9A19103F-16F7-4668-BE54-9A1E7A4F7556}") = "InventoryManagerWPF", "InventoryManagerWPF\InventoryManagerWPF.csproj", "{2A74FA7C-C7AC-4A30-878D-A2C5E9DAEFEA}"
EndProject
Project("{2150E333-8FDC-42A3-9474-1A3956D46DE8}") = "Solution Items", "Solution Items", "{7565AD20-F713-4959-BDF3-919B26CE28F7}"
	ProjectSection(SolutionItems) = preProject
		.gitignore = .gitignore
	EndProjectSection
EndProject
Global
	GlobalSection(SolutionConfigurationPlatforms) = preSolution
		Debug|Any CPU = Debug|Any CPU
		Release|Any CPU = Release|Any CPU
	EndGlobalSection
	GlobalSection(ProjectConfigurationPlatforms) = postSolution
		{2A74FA7C-C7AC-4A30-878D-A2C5E9DAEFEA}.Debug|Any CPU.ActiveCfg = Debug|Any CPU
		{2A74FA7C-C7AC-4A30-878D-A2C5E9DAEFEA}.Debug|Any CPU.Build.0 = Debug|Any CPU
		{2A74FA7C-C7AC-4A30-878D-A2C5E9DAEFEA}.Release|Any CPU.ActiveCfg = Release|Any CPU
		{2A74FA7C-C7AC-4A30-878D-A2C5E9DAEFEA}.Release|Any CPU.Build.0 = Release|Any CPU
	EndGlobalSection
	GlobalSection(SolutionProperties) = preSolution
		HideSolutionNode = FALSE
	EndGlobalSection
	GlobalSection(ExtensibilityGlobals) = postSolution
		SolutionGuid = {8B3C164D-2A0A-4D55-BA56-F3974D7406C8}
	EndGlobalSection
EndGlobal
